
Microsoft Visual Studio Solution File, Format Version 12.00
# Visual Studio Version 16
VisualStudioVersion = 16.0.31729.503
MinimumVisualStudioVersion = 10.0.40219.1
Project("{8BC9CEB8-8B4A-11D0-8D11-00A0C91BC942}") = "Project1", "Project1\Project1.vcxproj", "{555E836D-2316-4DE4-B106-C058D99BA584}"
EndProject
Global
	GlobalSection(SolutionConfigurationPlatforms) = preSolution
		Debug|x64 = Debug|x64
		Debug|x86 = Debug|x86
		Release|x64 = Release|x64
		Release|x86 = Release|x86
	EndGlobalSection
	GlobalSection(ProjectConfigurationPlatforms) = postSolution
		{555E836D-2316-4DE4-B106-C058D99BA584}.Debug|x64.ActiveCfg = Debug|x64
		{555E836D-2316-4DE4-B106-C058D99BA584}.Debug|x64.Build.0 = Debug|x64
		{555E836D-2316-4DE4-B106-C058D99BA584}.Debug|x86.ActiveCfg = Debug|Win32
		{555E836D-2316-4DE4-B106-C058D99BA584}.Debug|x86.Build.0 = Debug|Win32
		{555E836D-2316-4DE4-B106-C058D99BA584}.Release|x64.ActiveCfg = Release|x64
		{555E836D-2316-4DE4-B106-C058D99BA584}.Release|x64.Build.0 = Release|x64
		{555E836D-2316-4DE4-B106-C058D99BA584}.Release|x86.ActiveCfg = Release|Win32
		{555E836D-2316-4DE4-B106-C058D99BA584}.Release|x86.Build.0 = Release|Win32
	EndGlobalSection
	GlobalSection(SolutionProperties) = preSolution
		HideSolutionNode = FALSE
	EndGlobalSection
	GlobalSection(ExtensibilityGlobals) = postSolution
		SolutionGuid = {4993C2CC-93F2-4A91-8927-AC058F3B5F5A}
	EndGlobalSection
EndGlobal
