
Microsoft Visual Studio Solution File, Format Version 12.00
# Visual Studio Version 16
VisualStudioVersion = 16.0.31729.503
MinimumVisualStudioVersion = 10.0.40219.1
Project("{8BC9CEB8-8B4A-11D0-8D11-00A0C91BC942}") = "Project1", "Project1\Project1.vcxproj", "{76621AEB-9E4D-4492-AE51-299110646BB1}"
EndProject
Global
	GlobalSection(SolutionConfigurationPlatforms) = preSolution
		Debug|x64 = Debug|x64
		Debug|x86 = Debug|x86
		Release|x64 = Release|x64
		Release|x86 = Release|x86
	EndGlobalSection
	GlobalSection(ProjectConfigurationPlatforms) = postSolution
		{76621AEB-9E4D-4492-AE51-299110646BB1}.Debug|x64.ActiveCfg = Debug|x64
		{76621AEB-9E4D-4492-AE51-299110646BB1}.Debug|x64.Build.0 = Debug|x64
		{76621AEB-9E4D-4492-AE51-299110646BB1}.Debug|x86.ActiveCfg = Debug|Win32
		{76621AEB-9E4D-4492-AE51-299110646BB1}.Debug|x86.Build.0 = Debug|Win32
		{76621AEB-9E4D-4492-AE51-299110646BB1}.Release|x64.ActiveCfg = Release|x64
		{76621AEB-9E4D-4492-AE51-299110646BB1}.Release|x64.Build.0 = Release|x64
		{76621AEB-9E4D-4492-AE51-299110646BB1}.Release|x86.ActiveCfg = Release|Win32
		{76621AEB-9E4D-4492-AE51-299110646BB1}.Release|x86.Build.0 = Release|Win32
	EndGlobalSection
	GlobalSection(SolutionProperties) = preSolution
		HideSolutionNode = FALSE
	EndGlobalSection
	GlobalSection(ExtensibilityGlobals) = postSolution
		SolutionGuid = {706D462F-DF4A-4DAD-9887-9B34D049C7BE}
	EndGlobalSection
EndGlobal
